Microsoft Visual Studio Solution File, Format Version 12.00
# Visual Studio Version 17
VisualStudioVersion = 17.5.2.0
MinimumVisualStudioVersion = 10.0.40219.1
Project("{FAE04EC0-301F-11D3-BF4B-00C04F79EFBC}") = "Slut Projekt", "Slut Projekt.csproj", "{10DC017F-08CB-EEAB-750B-1DB2BCFA4BEC}"
EndProject
Global
	GlobalSection(SolutionConfigurationPlatforms) = preSolution
		Debug|Any CPU = Debug|Any CPU
		Release|Any CPU = Release|Any CPU
	EndGlobalSection
	GlobalSection(ProjectConfigurationPlatforms) = postSolution
		{10DC017F-08CB-EEAB-750B-1DB2BCFA4BEC}.Debug|Any CPU.ActiveCfg = Debug|Any CPU
		{10DC017F-08CB-EEAB-750B-1DB2BCFA4BEC}.Debug|Any CPU.Build.0 = Debug|Any CPU
		{10DC017F-08CB-EEAB-750B-1DB2BCFA4BEC}.Release|Any CPU.ActiveCfg = Release|Any CPU
		{10DC017F-08CB-EEAB-750B-1DB2BCFA4BEC}.Release|Any CPU.Build.0 = Release|Any CPU
	EndGlobalSection
	GlobalSection(SolutionProperties) = preSolution
		HideSolutionNode = FALSE
	EndGlobalSection
	GlobalSection(ExtensibilityGlobals) = postSolution
		SolutionGuid = {C2CA843C-4DA5-4FF0-AD1E-17A392083B7B}
	EndGlobalSection
EndGlobal
